
{
  "name": "tinystock-frontend",
  "version": "0.0.0",
  "lockfileVersion": 2,
  "requires": true,
  "packages": {
    "": {
      "name": "tinystock-frontend",
      "version": "0.0.0",
      "dependencies": {
        "@angular/animations": "~12.1.0",
        "@angular/cdk": "^12.1.4",
        "@angular/common": "~12.1.0",
        "@angular/compiler": "~12.1.0",
        "@angular/core": "~12.1.0",
        "@angular/flex-layout": "^12.0.0-beta.34",
        "@angular/forms": "~12.1.0",
        "@angular/material": "^12.1.4",
        "@angular/platform-browser": "~12.1.0",
        "@angular/platform-browser-dynamic": "~12.1.0",
        "@angular/router": "~12.1.0",
        "electron": "^13.1.7",
        "rxjs": "~6.6.0",
        "tinystock-models": "file:../models",
        "tslib": "^2.2.0",
        "zone.js": "~0.11.4"
      },
      "devDependencies": {
        "@angular-devkit/build-angular": "~12.1.4",
        "@angular/cli": "~12.1.4",
        "@angular/compiler-cli": "~12.1.0",
        "@types/jasmine": "~3.8.0",
        "@types/node": "^16.4.7",
        "jasmine-core": "~3.8.0",
        "karma": "~6.3.0",
        "karma-chrome-launcher": "~3.1.0",
        "karma-coverage": "~2.0.3",
        "karma-jasmine": "~4.0.0",
        "karma-jasmine-html-reporter": "~1.7.0",
        "typescript": "~4.3.2"
      }
    },
    "../models": {
      "name": "tinystock-models",
      "version": "1.0.0",
      "license": "ISC",
      "devDependencies": {
        "typescript": "^4.3.5"
      }
    },
    "node_modules/@angular-devkit/architect": {
      "version": "0.1201.4",
      "resolved": "https://registry.npmjs.org/@angular-devkit/architect/-/architect-0.1201.4.tgz",
      "integrity": "sha512-hGO5NrZxV8Z7sILwokt7H+1sMf+5tJS9PJszvYlIBSzG0LBkOwwLQDb4MD42ATXFru57SXNqMZDVKoi1kTgxAw==",
      "dev": true,
      "dependencies": {
        "@angular-devkit/core": "12.1.4",
        "rxjs": "6.6.7"
      },
      "engines": {
        "node": "^12.14.1 || >=14.0.0",
        "npm": "^6.11.0 || ^7.5.6",
        "yarn": ">= 1.13.0"
      }
    },
    "node_modules/@angular-devkit/build-angular": {
      "version": "12.1.4",
      "resolved": "https://registry.npmjs.org/@angular-devkit/build-angular/-/build-angular-12.1.4.tgz",
      "integrity": "sha512-9kMdnaU2dr8o7gJpuBsEHLUpa6huF8uZQEd1+jhKfByEY/xTQo8qztvmbhFhrSfDvdYRygNHItpt3pYEoCEOig==",
      "dev": true,
      "dependencies": {
        "@angular-devkit/architect": "0.1201.4",
        "@angular-devkit/build-optimizer": "0.1201.4",
        "@angular-devkit/build-webpack": "0.1201.4",
        "@angular-devkit/core": "12.1.4",
        "@babel/core": "7.14.6",