
{
  "name": "tinystock-frontend",
  "version": "0.0.0",
  "lockfileVersion": 2,
  "requires": true,
  "packages": {
    "": {
      "name": "tinystock-frontend",
      "version": "0.0.0",
      "dependencies": {
        "@angular/animations": "~12.1.0",
        "@angular/cdk": "^12.1.4",
        "@angular/common": "~12.1.0",
        "@angular/compiler": "~12.1.0",
        "@angular/core": "~12.1.0",
        "@angular/flex-layout": "^12.0.0-beta.34",
        "@angular/forms": "~12.1.0",
        "@angular/material": "^12.1.4",
        "@angular/platform-browser": "~12.1.0",
        "@angular/platform-browser-dynamic": "~12.1.0",
        "@angular/router": "~12.1.0",
        "electron": "^13.1.7",
        "rxjs": "~6.6.0",
        "tinystock-models": "file:../models",
        "tslib": "^2.2.0",
        "zone.js": "~0.11.4"
      },
      "devDependencies": {
        "@angular-devkit/build-angular": "~12.1.4",
        "@angular/cli": "~12.1.4",
        "@angular/compiler-cli": "~12.1.0",
        "@types/jasmine": "~3.8.0",
        "@types/node": "^16.4.7",
        "jasmine-core": "~3.8.0",
        "karma": "~6.3.0",
        "karma-chrome-launcher": "~3.1.0",
        "karma-coverage": "~2.0.3",
        "karma-jasmine": "~4.0.0",
        "karma-jasmine-html-reporter": "~1.7.0",
        "typescript": "~4.3.2"
      }
    },
    "../models": {
      "name": "tinystock-models",
      "version": "1.0.0",
      "license": "ISC",
      "devDependencies": {
        "typescript": "^4.3.5"
      }
    },
    "node_modules/@angular-devkit/architect": {
      "version": "0.1201.4",
      "resolved": "https://registry.npmjs.org/@angular-devkit/architect/-/architect-0.1201.4.tgz",
      "integrity": "sha512-hGO5NrZxV8Z7sILwokt7H+1sMf+5tJS9PJszvYlIBSzG0LBkOwwLQDb4MD42ATXFru57SXNqMZDVKoi1kTgxAw==",
      "dev": true,
      "dependencies": {
        "@angular-devkit/core": "12.1.4",
        "rxjs": "6.6.7"
      },
      "engines": {
        "node": "^12.14.1 || >=14.0.0",
        "npm": "^6.11.0 || ^7.5.6",
        "yarn": ">= 1.13.0"
      }
    },
    "node_modules/@angular-devkit/build-angular": {
      "version": "12.1.4",
      "resolved": "https://registry.npmjs.org/@angular-devkit/build-angular/-/build-angular-12.1.4.tgz",
      "integrity": "sha512-9kMdnaU2dr8o7gJpuBsEHLUpa6huF8uZQEd1+jhKfByEY/xTQo8qztvmbhFhrSfDvdYRygNHItpt3pYEoCEOig==",
      "dev": true,
      "dependencies": {
        "@angular-devkit/architect": "0.1201.4",
        "@angular-devkit/build-optimizer": "0.1201.4",
        "@angular-devkit/build-webpack": "0.1201.4",
        "@angular-devkit/core": "12.1.4",
        "@babel/core": "7.14.6",
        "@babel/generator": "7.14.5",
        "@babel/helper-annotate-as-pure": "7.14.5",
        "@babel/plugin-proposal-async-generator-functions": "7.14.7",
        "@babel/plugin-transform-async-to-generator": "7.14.5",
        "@babel/plugin-transform-runtime": "7.14.5",
        "@babel/preset-env": "7.14.7",
        "@babel/runtime": "7.14.6",
        "@babel/template": "7.14.5",
        "@discoveryjs/json-ext": "0.5.3",
        "@jsdevtools/coverage-istanbul-loader": "3.0.5",
        "@ngtools/webpack": "12.1.4",
        "ansi-colors": "4.1.1",
        "babel-loader": "8.2.2",
        "browserslist": "^4.9.1",
        "cacache": "15.2.0",
        "caniuse-lite": "^1.0.30001032",
        "circular-dependency-plugin": "5.2.2",
        "copy-webpack-plugin": "9.0.0",
        "core-js": "3.15.1",
        "critters": "0.0.10",
        "css-loader": "5.2.6",
        "css-minimizer-webpack-plugin": "3.0.1",
        "find-cache-dir": "3.3.1",
        "glob": "7.1.7",
        "https-proxy-agent": "5.0.0",
        "inquirer": "8.1.1",
        "jest-worker": "27.0.2",
        "karma-source-map-support": "1.4.0",
        "less": "4.1.1",
        "less-loader": "10.0.0",
        "license-webpack-plugin": "2.3.20",
        "loader-utils": "2.0.0",
        "mini-css-extract-plugin": "1.6.2",
        "minimatch": "3.0.4",
        "open": "8.2.1",
        "ora": "5.4.1",
        "parse5-html-rewriting-stream": "6.0.1",
        "postcss": "8.3.5",
        "postcss-import": "14.0.2",
        "postcss-loader": "6.1.0",
        "postcss-preset-env": "6.7.0",
        "raw-loader": "4.0.2",
        "regenerator-runtime": "0.13.7",
        "resolve-url-loader": "4.0.0",
        "rxjs": "6.6.7",
        "sass": "1.35.1",
        "sass-loader": "12.1.0",
        "semver": "7.3.5",
        "source-map": "0.7.3",
        "source-map-loader": "3.0.0",
        "source-map-support": "0.5.19",
        "style-loader": "2.0.0",
        "stylus": "0.54.8",
        "stylus-loader": "6.1.0",
        "terser": "5.7.0",
        "terser-webpack-plugin": "5.1.3",
        "text-table": "0.2.0",
        "tree-kill": "1.2.2",
        "tslib": "2.3.0",
        "webpack": "5.44.0",
        "webpack-dev-middleware": "5.0.0",
        "webpack-dev-server": "3.11.2",
        "webpack-merge": "5.8.0",
        "webpack-subresource-integrity": "1.5.2"
      },
      "engines": {
        "node": "^12.14.1 || >=14.0.0",
        "npm": "^6.11.0 || ^7.5.6",
        "yarn": ">= 1.13.0"
      },
      "peerDependencies": {
        "@angular/compiler-cli": "^12.0.0 || ^12.1.0-next",
        "@angular/localize": "^12.0.0 || ^12.1.0-next",
        "@angular/service-worker": "^12.0.0 || ^12.1.0-next",
        "karma": "^6.3.0",
        "ng-packagr": "^12.0.0 || ^12.1.0-next",
        "protractor": "^7.0.0",
        "tailwindcss": "^2.0.0",
        "tslint": "^6.1.0",
        "typescript": "~4.2.3 || ~4.3.2"
      },
      "peerDependenciesMeta": {
        "@angular/localize": {
          "optional": true
        },
        "@angular/service-worker": {
          "optional": true
        },
        "karma": {
          "optional": true
        },
        "ng-packagr": {
          "optional": true
        },
        "protractor": {
          "optional": true
        },
        "tailwindcss": {
          "optional": true
        },
        "tslint": {
          "optional": true
        }
      }
    },
    "node_modules/@angular-devkit/build-optimizer": {
      "version": "0.1201.4",
      "resolved": "https://registry.npmjs.org/@angular-devkit/build-optimizer/-/build-optimizer-0.1201.4.tgz",
      "integrity": "sha512-Hq+mDUe4xIyq4939JZaUkptsM89WnZOk8Qel6mS0T/bxMX/qs+nuGD5o+xDKkuayogbiTrLmyZBib0/90eSXEA==",
      "dev": true,
      "dependencies": {
        "source-map": "0.7.3",
        "tslib": "2.3.0",
        "typescript": "4.3.4"
      },
      "bin": {
        "build-optimizer": "src/build-optimizer/cli.js"
      },
      "engines": {
        "node": "^12.14.1 || >=14.0.0",
        "npm": "^6.11.0 || ^7.5.6",
        "yarn": ">= 1.13.0"
      },
      "peerDependencies": {
        "webpack": "^5.30.0"
      },
      "peerDependenciesMeta": {
        "webpack": {
          "optional": true
        }
      }
    },
    "node_modules/@angular-devkit/build-optimizer/node_modules/typescript": {
      "version": "4.3.4",
      "resolved": "https://registry.npmjs.org/typescript/-/typescript-4.3.4.tgz",
      "integrity": "sha512-uauPG7XZn9F/mo+7MrsRjyvbxFpzemRjKEZXS4AK83oP2KKOJPvb+9cO/gmnv8arWZvhnjVOXz7B49m1l0e9Ew==",
      "dev": true,
      "bin": {
        "tsc": "bin/tsc",
        "tsserver": "bin/tsserver"
      },
      "engines": {
        "node": ">=4.2.0"
      }
    },
    "node_modules/@angular-devkit/build-webpack": {
      "version": "0.1201.4",
      "resolved": "https://registry.npmjs.org/@angular-devkit/build-webpack/-/build-webpack-0.1201.4.tgz",
      "integrity": "sha512-eMmbyHyWJZMQ1tfwVdja/iAk/eXJFYrF8b27gDV9gGI7MGB3KJ93AhkbPbcvlw4Hhx4+6M11GfeXzbwH0q9pnQ==",
      "dev": true,
      "dependencies": {
        "@angular-devkit/architect": "0.1201.4",
        "rxjs": "6.6.7"
      },
      "engines": {
        "node": "^12.14.1 || >=14.0.0",
        "npm": "^6.11.0 || ^7.5.6",
        "yarn": ">= 1.13.0"
      },
      "peerDependencies": {
        "webpack": "^5.30.0",
        "webpack-dev-server": "^3.1.4"
      }
    },
    "node_modules/@angular-devkit/core": {
      "version": "12.1.4",
      "resolved": "https://registry.npmjs.org/@angular-devkit/core/-/core-12.1.4.tgz",
      "integrity": "sha512-KOzGD8JbP/7EeUwPiU5x+fo3ZEQ5R4IVW5WoH92PaO3mdpqXC7UL2MWLct8PUe9il9nqJMvrBMldSSvP9PCT2w==",
      "dev": true,
      "dependencies": {
        "ajv": "8.6.0",
        "ajv-formats": "2.1.0",
        "fast-json-stable-stringify": "2.1.0",
        "magic-string": "0.25.7",
        "rxjs": "6.6.7",
        "source-map": "0.7.3"
      },
      "engines": {
        "node": "^12.14.1 || >=14.0.0",
        "npm": "^6.11.0 || ^7.5.6",
        "yarn": ">= 1.13.0"
      }
    },
    "node_modules/@angular-devkit/schematics": {
      "version": "12.1.4",
      "resolved": "https://registry.npmjs.org/@angular-devkit/schematics/-/schematics-12.1.4.tgz",
      "integrity": "sha512-yD3y3pK/K5piOgvALFoCCiPp4H8emNa3yZL+vlpEpewVLpF1MM55LeTxc0PI5s0uqtOGVnvcbA5wYgMm3YsUEA==",
      "dev": true,
      "dependencies": {
        "@angular-devkit/core": "12.1.4",
        "ora": "5.4.1",
        "rxjs": "6.6.7"
      },
      "engines": {
        "node": "^12.14.1 || >=14.0.0",
        "npm": "^6.11.0 || ^7.5.6",
        "yarn": ">= 1.13.0"
      }
    },
    "node_modules/@angular/animations": {
      "version": "12.1.4",
      "resolved": "https://registry.npmjs.org/@angular/animations/-/animations-12.1.4.tgz",
      "integrity": "sha512-6PkVF2HGwmNdG0IUUyXkxwnLdX7xVUCFldKNFap90lWTEPumO7+zcmzP4JELE6jkmHSykTZjPwlWXvuxdP+YJg==",
      "dependencies": {
        "tslib": "^2.2.0"
      },
      "engines": {
        "node": "^12.14.1 || >=14.0.0"
      },
      "peerDependencies": {
        "@angular/core": "12.1.4"
      }
    },
    "node_modules/@angular/cdk": {
      "version": "12.1.4",
      "resolved": "https://registry.npmjs.org/@angular/cdk/-/cdk-12.1.4.tgz",
      "integrity": "sha512-so8HP7jRNkGfdTkPmFVqyW4pj1vU0ASG1NaZMDXnin44PVjbJpaKhQsArhQ/yOmRP9XzP6TR3zHzmxszfGiaKg==",
      "dependencies": {
        "tslib": "^2.2.0"
      },
      "optionalDependencies": {
        "parse5": "^5.0.0"
      },
      "peerDependencies": {
        "@angular/common": "^12.0.0 || ^13.0.0-0",
        "@angular/core": "^12.0.0 || ^13.0.0-0",
        "rxjs": "^6.5.3"
      }
    },
    "node_modules/@angular/cdk/node_modules/parse5": {
      "version": "5.1.1",
      "resolved": "https://registry.npmjs.org/parse5/-/parse5-5.1.1.tgz",
      "integrity": "sha512-ugq4DFI0Ptb+WWjAdOK16+u/nHfiIrcE+sh8kZMaM0WllQKLI9rOUq6c2b7cwPkXdzfQESqvoqK6ug7U/Yyzug==",
      "optional": true
    },
    "node_modules/@angular/cli": {
      "version": "12.1.4",
      "resolved": "https://registry.npmjs.org/@angular/cli/-/cli-12.1.4.tgz",
      "integrity": "sha512-LpyhyqWe3bFcuH3MrXeYoIPI1htjwG1b5ehETfq4qsMvNmuFON6QI+F7EWEpX7lItVQc2bES+ogasTZsZue/uw==",
      "dev": true,
      "hasInstallScript": true,
      "dependencies": {
        "@angular-devkit/architect": "0.1201.4",
        "@angular-devkit/core": "12.1.4",
        "@angular-devkit/schematics": "12.1.4",
        "@schematics/angular": "12.1.4",
        "@yarnpkg/lockfile": "1.1.0",
        "ansi-colors": "4.1.1",
        "debug": "4.3.1",
        "ini": "2.0.0",
        "inquirer": "8.1.1",
        "jsonc-parser": "3.0.0",
        "npm-package-arg": "8.1.5",
        "npm-pick-manifest": "6.1.1",
        "open": "8.2.1",
        "ora": "5.4.1",
        "pacote": "11.3.4",
        "resolve": "1.20.0",
        "semver": "7.3.5",
        "symbol-observable": "4.0.0",
        "uuid": "8.3.2"
      },
      "bin": {
        "ng": "bin/ng"
      },
      "engines": {
        "node": "^12.14.1 || >=14.0.0",
        "npm": "^6.11.0 || ^7.5.6",
        "yarn": ">= 1.13.0"
      }
    },
    "node_modules/@angular/common": {
      "version": "12.1.4",
      "resolved": "https://registry.npmjs.org/@angular/common/-/common-12.1.4.tgz",
      "integrity": "sha512-cyh2m5veGgWRFsrmPnwB/Ised90bFNZAjZepvW8WXrpEUa/tmi1yWU9+8ayRG7ztE08lyXncJSSut2Ss2PEhTA==",
      "dependencies": {
        "tslib": "^2.2.0"
      },
      "engines": {
        "node": "^12.14.1 || >=14.0.0"
      },
      "peerDependencies": {
        "@angular/core": "12.1.4",
        "rxjs": "^6.5.3"
      }
    },
    "node_modules/@angular/compiler": {
      "version": "12.1.4",
      "resolved": "https://registry.npmjs.org/@angular/compiler/-/compiler-12.1.4.tgz",
      "integrity": "sha512-csei4YTsdwYCWhr94AtW/Q3YyILLhjGVuV/zDZKQx5kB/3ukpUD+DppbblTo+NsLSk2BfsOepGUeCDMkIl9p3w==",
      "dependencies": {
        "tslib": "^2.2.0"
      },
      "engines": {
        "node": "^12.14.1 || >=14.0.0"
      }
    },
    "node_modules/@angular/compiler-cli": {
      "version": "12.1.4",
      "resolved": "https://registry.npmjs.org/@angular/compiler-cli/-/compiler-cli-12.1.4.tgz",
      "integrity": "sha512-RMEXJ92KO30waKoAha1qZHGLVyUimgisYVmaTwPlYJ534tAoilILkav8Wa4UMOJx1Dma0wTzbAqMYdghoQJXQA==",
      "dev": true,
      "dependencies": {
        "@babel/core": "^7.8.6",
        "@babel/types": "^7.8.6",
        "canonical-path": "1.0.0",
        "chokidar": "^3.0.0",
        "convert-source-map": "^1.5.1",
        "dependency-graph": "^0.11.0",
        "magic-string": "^0.25.0",
        "minimist": "^1.2.0",
        "reflect-metadata": "^0.1.2",
        "semver": "^7.0.0",
        "source-map": "^0.6.1",
        "sourcemap-codec": "^1.4.8",
        "tslib": "^2.2.0",
        "yargs": "^17.0.0"
      },
      "bin": {
        "ivy-ngcc": "ngcc/main-ivy-ngcc.js",
        "ng-xi18n": "src/extract_i18n.js",
        "ngc": "src/main.js",
        "ngcc": "ngcc/main-ngcc.js"
      },
      "engines": {
        "node": "^12.14.1 || >=14.0.0"
      },
      "peerDependencies": {
        "@angular/compiler": "12.1.4",
        "typescript": ">=4.2.3 <4.4"
      }
    },
    "node_modules/@angular/compiler-cli/node_modules/source-map": {
      "version": "0.6.1",
      "resolved": "https://registry.npmjs.org/source-map/-/source-map-0.6.1.tgz",
      "integrity": "sha512-UjgapumWlbMhkBgzT7Ykc5YXUT46F0iKu8SGXq0bcwP5dz/h0Plj6enJqjz1Zbq2l5WaqYnrVbwWOWMyF3F47g==",
      "dev": true,
      "engines": {
        "node": ">=0.10.0"
      }
    },
    "node_modules/@angular/core": {
      "version": "12.1.4",
      "resolved": "https://registry.npmjs.org/@angular/core/-/core-12.1.4.tgz",
      "integrity": "sha512-dG7KtW0l3jI8lapmenSu1wV/d3VOphAjDxVqWOrwh+kI0da7677cEg0Ms5YIF8Nf/++WleyNxk6AIHbDIig+Sw==",
      "dependencies": {
        "tslib": "^2.2.0"
      },
      "engines": {
        "node": "^12.14.1 || >=14.0.0"
      },
      "peerDependencies": {
        "rxjs": "^6.5.3",
        "zone.js": "~0.11.4"
      }
    },
    "node_modules/@angular/flex-layout": {
      "version": "12.0.0-beta.34",
      "resolved": "https://registry.npmjs.org/@angular/flex-layout/-/flex-layout-12.0.0-beta.34.tgz",
      "integrity": "sha512-nLwKovXpyG+/U3Lbmfwt+q4ARupxtbPmFTZD0Y8oItFAV6/Oh9l+QQsNQa2VhOHAOrVagyDwcEM+SePtB5EmrQ==",
      "dependencies": {
        "tslib": "^2.1.0"
      },
      "peerDependencies": {
        "@angular/cdk": "^12.0.0",
        "@angular/common": ">=12.0.0",
        "@angular/core": ">=12.0.0",
        "@angular/platform-browser": ">=12.0.0",
        "rxjs": "^6.0.0"
      }
    },
    "node_modules/@angular/forms": {
      "version": "12.1.4",
      "resolved": "https://registry.npmjs.org/@angular/forms/-/forms-12.1.4.tgz",
      "integrity": "sha512-HlPZH2HllX2/XEdAT7PkAYIEXn69KanvjxFD40++Xx5a0lMsv7HleYqRdRZYkxKUNCJljL3UqvI5sZ5CCOoVGw==",
      "dependencies": {
        "tslib": "^2.2.0"
      },
      "engines": {
        "node": "^12.14.1 || >=14.0.0"
      },
      "peerDependencies": {
        "@angular/common": "12.1.4",
        "@angular/core": "12.1.4",
        "@angular/platform-browser": "12.1.4",
        "rxjs": "^6.5.3"
      }
    },
    "node_modules/@angular/material": {
      "version": "12.1.4",
      "resolved": "https://registry.npmjs.org/@angular/material/-/material-12.1.4.tgz",
      "integrity": "sha512-lfBuk+3fxOvyIf9PknVIIC1DxYOimru06FpXq74lNcrNZcX3qCdDe/KmNbR50Wy0aEC4cOPXxJuPqm7wT8z2vg==",
      "dependencies": {
        "tslib": "^2.2.0"
      },
      "peerDependencies": {
        "@angular/animations": "^12.0.0 || ^13.0.0-0",
        "@angular/cdk": "12.1.4",
        "@angular/common": "^12.0.0 || ^13.0.0-0",
        "@angular/core": "^12.0.0 || ^13.0.0-0",
        "@angular/forms": "^12.0.0 || ^13.0.0-0",
        "rxjs": "^6.5.3"
      }
    },
    "node_modules/@angular/platform-browser": {
      "version": "12.1.4",
      "resolved": "https://registry.npmjs.org/@angular/platform-browser/-/platform-browser-12.1.4.tgz",
      "integrity": "sha512-klJbU75lUGgwZkgyXsHU47JuYh8c7prukw7MIWLw7liHXPK//bLj8kOfKwifSIJ0xzDg9UfdNSGCQqGP5N0SaQ==",
      "dependencies": {
        "tslib": "^2.2.0"
      },
      "engines": {
        "node": "^12.14.1 || >=14.0.0"
      },
      "peerDependencies": {
        "@angular/animations": "12.1.4",
        "@angular/common": "12.1.4",
        "@angular/core": "12.1.4"
      },
      "peerDependenciesMeta": {
        "@angular/animations": {
          "optional": true
        }
      }
    },
    "node_modules/@angular/platform-browser-dynamic": {
      "version": "12.1.4",
      "resolved": "https://registry.npmjs.org/@angular/platform-browser-dynamic/-/platform-browser-dynamic-12.1.4.tgz",
      "integrity": "sha512-gEE7F45y+mExb9Bib9SQkWQICHHxbo884AhCw4ZcHWWv2aJl1Y09Rhp+ZE542wjoFFpB2o+BXguc3PcnXB/3Ww==",
      "dependencies": {
        "tslib": "^2.2.0"
      },
      "engines": {
        "node": "^12.14.1 || >=14.0.0"
      },
      "peerDependencies": {
        "@angular/common": "12.1.4",
        "@angular/compiler": "12.1.4",
        "@angular/core": "12.1.4",
        "@angular/platform-browser": "12.1.4"
      }
    },
    "node_modules/@angular/router": {
      "version": "12.1.4",
      "resolved": "https://registry.npmjs.org/@angular/router/-/router-12.1.4.tgz",
      "integrity": "sha512-wbw/w1yM/GiCnQPykQ7rHkywqQA5LPF5/MRa4Khi7BcpJXgutG9h/40HREsQzzYY46+qhXmST8A3E5PNgURsbw==",
      "dependencies": {
        "tslib": "^2.2.0"
      },
      "engines": {
        "node": "^12.14.1 || >=14.0.0"
      },
      "peerDependencies": {
        "@angular/common": "12.1.4",
        "@angular/core": "12.1.4",
        "@angular/platform-browser": "12.1.4",
        "rxjs": "^6.5.3"
      }
    },
    "node_modules/@babel/code-frame": {
      "version": "7.14.5",
      "resolved": "https://registry.npmjs.org/@babel/code-frame/-/code-frame-7.14.5.tgz",
      "integrity": "sha512-9pzDqyc6OLDaqe+zbACgFkb6fKMNG6CObKpnYXChRsvYGyEdc7CA2BaqeOM+vOtCS5ndmJicPJhKAwYRI6UfFw==",
      "dev": true,
      "dependencies": {
        "@babel/highlight": "^7.14.5"
      },
      "engines": {
        "node": ">=6.9.0"
      }
    },
    "node_modules/@babel/compat-data": {
      "version": "7.14.7",
      "resolved": "https://registry.npmjs.org/@babel/compat-data/-/compat-data-7.14.7.tgz",
      "integrity": "sha512-nS6dZaISCXJ3+518CWiBfEr//gHyMO02uDxBkXTKZDN5POruCnOZ1N4YBRZDCabwF8nZMWBpRxIicmXtBs+fvw==",
      "dev": true,
      "engines": {
        "node": ">=6.9.0"
      }
    },
    "node_modules/@babel/core": {
      "version": "7.14.6",
      "resolved": "https://registry.npmjs.org/@babel/core/-/core-7.14.6.tgz",
      "integrity": "sha512-gJnOEWSqTk96qG5BoIrl5bVtc23DCycmIePPYnamY9RboYdI4nFy5vAQMSl81O5K/W0sLDWfGysnOECC+KUUCA==",
      "dev": true,
      "dependencies": {
        "@babel/code-frame": "^7.14.5",
        "@babel/generator": "^7.14.5",
        "@babel/helper-compilation-targets": "^7.14.5",
        "@babel/helper-module-transforms": "^7.14.5",
        "@babel/helpers": "^7.14.6",
        "@babel/parser": "^7.14.6",
        "@babel/template": "^7.14.5",
        "@babel/traverse": "^7.14.5",
        "@babel/types": "^7.14.5",
        "convert-source-map": "^1.7.0",
        "debug": "^4.1.0",
        "gensync": "^1.0.0-beta.2",
        "json5": "^2.1.2",
        "semver": "^6.3.0",
        "source-map": "^0.5.0"
      },
      "engines": {
        "node": ">=6.9.0"
      },
      "funding": {
        "type": "opencollective",
        "url": "https://opencollective.com/babel"
      }
    },
    "node_modules/@babel/core/node_modules/semver": {
      "version": "6.3.0",
      "resolved": "https://registry.npmjs.org/semver/-/semver-6.3.0.tgz",
      "integrity": "sha512-b39TBaTSfV6yBrapU89p5fKekE2m/NwnDocOVruQFS1/veMgdzuPcnOM34M6CwxW8jH/lxEa5rBoDeUwu5HHTw==",
      "dev": true,
      "bin": {
        "semver": "bin/semver.js"
      }
    },
    "node_modules/@babel/core/node_modules/source-map": {
      "version": "0.5.7",
      "resolved": "https://registry.npmjs.org/source-map/-/source-map-0.5.7.tgz",
      "integrity": "sha1-igOdLRAh0i0eoUyA2OpGi6LvP8w=",
      "dev": true,
      "engines": {
        "node": ">=0.10.0"
      }
    },
    "node_modules/@babel/generator": {
      "version": "7.14.5",
      "resolved": "https://registry.npmjs.org/@babel/generator/-/generator-7.14.5.tgz",
      "integrity": "sha512-y3rlP+/G25OIX3mYKKIOlQRcqj7YgrvHxOLbVmyLJ9bPmi5ttvUmpydVjcFjZphOktWuA7ovbx91ECloWTfjIA==",
      "dev": true,
      "dependencies": {
        "@babel/types": "^7.14.5",
        "jsesc": "^2.5.1",
        "source-map": "^0.5.0"
      },
      "engines": {
        "node": ">=6.9.0"
      }
    },
    "node_modules/@babel/generator/node_modules/source-map": {
      "version": "0.5.7",
      "resolved": "https://registry.npmjs.org/source-map/-/source-map-0.5.7.tgz",
      "integrity": "sha1-igOdLRAh0i0eoUyA2OpGi6LvP8w=",
      "dev": true,
      "engines": {
        "node": ">=0.10.0"
      }
    },
    "node_modules/@babel/helper-annotate-as-pure": {
      "version": "7.14.5",
      "resolved": "https://registry.npmjs.org/@babel/helper-annotate-as-pure/-/helper-annotate-as-pure-7.14.5.tgz",
      "integrity": "sha512-EivH9EgBIb+G8ij1B2jAwSH36WnGvkQSEC6CkX/6v6ZFlw5fVOHvsgGF4uiEHO2GzMvunZb6tDLQEQSdrdocrA==",
      "dev": true,
      "dependencies": {
        "@babel/types": "^7.14.5"
      },
      "engines": {
        "node": ">=6.9.0"
      }
    },
    "node_modules/@babel/helper-builder-binary-assignment-operator-visitor": {
      "version": "7.14.5",
      "resolved": "https://registry.npmjs.org/@babel/helper-builder-binary-assignment-operator-visitor/-/helper-builder-binary-assignment-operator-visitor-7.14.5.tgz",
      "integrity": "sha512-YTA/Twn0vBXDVGJuAX6PwW7x5zQei1luDDo2Pl6q1qZ7hVNl0RZrhHCQG/ArGpR29Vl7ETiB8eJyrvpuRp300w==",
      "dev": true,
      "dependencies": {
        "@babel/helper-explode-assignable-expression": "^7.14.5",
        "@babel/types": "^7.14.5"
      },
      "engines": {
        "node": ">=6.9.0"
      }
    },
    "node_modules/@babel/helper-compilation-targets": {
      "version": "7.14.5",
      "resolved": "https://registry.npmjs.org/@babel/helper-compilation-targets/-/helper-compilation-targets-7.14.5.tgz",
      "integrity": "sha512-v+QtZqXEiOnpO6EYvlImB6zCD2Lel06RzOPzmkz/D/XgQiUu3C/Jb1LOqSt/AIA34TYi/Q+KlT8vTQrgdxkbLw==",
      "dev": true,
      "dependencies": {
        "@babel/compat-data": "^7.14.5",
        "@babel/helper-validator-option": "^7.14.5",
        "browserslist": "^4.16.6",
        "semver": "^6.3.0"
      },
      "engines": {
        "node": ">=6.9.0"
      },
      "peerDependencies": {
        "@babel/core": "^7.0.0"
      }
    },
    "node_modules/@babel/helper-compilation-targets/node_modules/semver": {
      "version": "6.3.0",
      "resolved": "https://registry.npmjs.org/semver/-/semver-6.3.0.tgz",
      "integrity": "sha512-b39TBaTSfV6yBrapU89p5fKekE2m/NwnDocOVruQFS1/veMgdzuPcnOM34M6CwxW8jH/lxEa5rBoDeUwu5HHTw==",
      "dev": true,
      "bin": {
        "semver": "bin/semver.js"
      }
    },
    "node_modules/@babel/helper-create-class-features-plugin": {
      "version": "7.14.8",
      "resolved": "https://registry.npmjs.org/@babel/helper-create-class-features-plugin/-/helper-create-class-features-plugin-7.14.8.tgz",
      "integrity": "sha512-bpYvH8zJBWzeqi1o+co8qOrw+EXzQ/0c74gVmY205AWXy9nifHrOg77y+1zwxX5lXE7Icq4sPlSQ4O2kWBrteQ==",
      "dev": true,
      "dependencies": {
        "@babel/helper-annotate-as-pure": "^7.14.5",
        "@babel/helper-function-name": "^7.14.5",
        "@babel/helper-member-expression-to-functions": "^7.14.7",
        "@babel/helper-optimise-call-expression": "^7.14.5",
        "@babel/helper-replace-supers": "^7.14.5",
        "@babel/helper-split-export-declaration": "^7.14.5"
      },
      "engines": {
        "node": ">=6.9.0"
      },
      "peerDependencies": {
        "@babel/core": "^7.0.0"
      }
    },
    "node_modules/@babel/helper-create-regexp-features-plugin": {
      "version": "7.14.5",
      "resolved": "https://registry.npmjs.org/@babel/helper-create-regexp-features-plugin/-/helper-create-regexp-features-plugin-7.14.5.tgz",
      "integrity": "sha512-TLawwqpOErY2HhWbGJ2nZT5wSkR192QpN+nBg1THfBfftrlvOh+WbhrxXCH4q4xJ9Gl16BGPR/48JA+Ryiho/A==",