
{
  "name": "tinystock-frontend",
  "version": "0.0.0",
  "lockfileVersion": 2,
  "requires": true,
  "packages": {
    "": {
      "name": "tinystock-frontend",
      "version": "0.0.0",
      "dependencies": {
        "@angular/animations": "~12.1.0",
        "@angular/cdk": "^12.1.4",
        "@angular/common": "~12.1.0",
        "@angular/compiler": "~12.1.0",
        "@angular/core": "~12.1.0",
        "@angular/flex-layout": "^12.0.0-beta.34",
        "@angular/forms": "~12.1.0",
        "@angular/material": "^12.1.4",
        "@angular/platform-browser": "~12.1.0",
        "@angular/platform-browser-dynamic": "~12.1.0",
        "@angular/router": "~12.1.0",
        "electron": "^13.1.7",
        "rxjs": "~6.6.0",
        "tinystock-models": "file:../models",
        "tslib": "^2.2.0",
        "zone.js": "~0.11.4"
      },
      "devDependencies": {
        "@angular-devkit/build-angular": "~12.1.4",
        "@angular/cli": "~12.1.4",
        "@angular/compiler-cli": "~12.1.0",
        "@types/jasmine": "~3.8.0",
        "@types/node": "^16.4.7",
        "jasmine-core": "~3.8.0",
        "karma": "~6.3.0",
        "karma-chrome-launcher": "~3.1.0",
        "karma-coverage": "~2.0.3",
        "karma-jasmine": "~4.0.0",
        "karma-jasmine-html-reporter": "~1.7.0",
        "typescript": "~4.3.2"
      }
    },
    "../models": {
      "name": "tinystock-models",
      "version": "1.0.0",
      "license": "ISC",
      "devDependencies": {
        "typescript": "^4.3.5"
      }
    },
    "node_modules/@angular-devkit/architect": {
      "version": "0.1201.4",
      "resolved": "https://registry.npmjs.org/@angular-devkit/architect/-/architect-0.1201.4.tgz",
      "integrity": "sha512-hGO5NrZxV8Z7sILwokt7H+1sMf+5tJS9PJszvYlIBSzG0LBkOwwLQDb4MD42ATXFru57SXNqMZDVKoi1kTgxAw==",
      "dev": true,
      "dependencies": {
        "@angular-devkit/core": "12.1.4",
        "rxjs": "6.6.7"
      },
      "engines": {
        "node": "^12.14.1 || >=14.0.0",
        "npm": "^6.11.0 || ^7.5.6",
        "yarn": ">= 1.13.0"
      }
    },
    "node_modules/@angular-devkit/build-angular": {
      "version": "12.1.4",
      "resolved": "https://registry.npmjs.org/@angular-devkit/build-angular/-/build-angular-12.1.4.tgz",
      "integrity": "sha512-9kMdnaU2dr8o7gJpuBsEHLUpa6huF8uZQEd1+jhKfByEY/xTQo8qztvmbhFhrSfDvdYRygNHItpt3pYEoCEOig==",
      "dev": true,
      "dependencies": {
        "@angular-devkit/architect": "0.1201.4",
        "@angular-devkit/build-optimizer": "0.1201.4",
        "@angular-devkit/build-webpack": "0.1201.4",
        "@angular-devkit/core": "12.1.4",
        "@babel/core": "7.14.6",
        "@babel/generator": "7.14.5",
        "@babel/helper-annotate-as-pure": "7.14.5",
        "@babel/plugin-proposal-async-generator-functions": "7.14.7",
        "@babel/plugin-transform-async-to-generator": "7.14.5",
        "@babel/plugin-transform-runtime": "7.14.5",
        "@babel/preset-env": "7.14.7",
        "@babel/runtime": "7.14.6",
        "@babel/template": "7.14.5",
        "@discoveryjs/json-ext": "0.5.3",
        "@jsdevtools/coverage-istanbul-loader": "3.0.5",
        "@ngtools/webpack": "12.1.4",
        "ansi-colors": "4.1.1",
        "babel-loader": "8.2.2",
        "browserslist": "^4.9.1",
        "cacache": "15.2.0",
        "caniuse-lite": "^1.0.30001032",
        "circular-dependency-plugin": "5.2.2",
        "copy-webpack-plugin": "9.0.0",
        "core-js": "3.15.1",
        "critters": "0.0.10",
        "css-loader": "5.2.6",
        "css-minimizer-webpack-plugin": "3.0.1",
        "find-cache-dir": "3.3.1",
        "glob": "7.1.7",
        "https-proxy-agent": "5.0.0",
        "inquirer": "8.1.1",
        "jest-worker": "27.0.2",
        "karma-source-map-support": "1.4.0",
        "less": "4.1.1",
        "less-loader": "10.0.0",
        "license-webpack-plugin": "2.3.20",
        "loader-utils": "2.0.0",
        "mini-css-extract-plugin": "1.6.2",
        "minimatch": "3.0.4",
        "open": "8.2.1",
        "ora": "5.4.1",
        "parse5-html-rewriting-stream": "6.0.1",
        "postcss": "8.3.5",
        "postcss-import": "14.0.2",
        "postcss-loader": "6.1.0",
        "postcss-preset-env": "6.7.0",
        "raw-loader": "4.0.2",
        "regenerator-runtime": "0.13.7",
        "resolve-url-loader": "4.0.0",
        "rxjs": "6.6.7",
        "sass": "1.35.1",
        "sass-loader": "12.1.0",
        "semver": "7.3.5",
        "source-map": "0.7.3",
        "source-map-loader": "3.0.0",
        "source-map-support": "0.5.19",
        "style-loader": "2.0.0",
        "stylus": "0.54.8",
        "stylus-loader": "6.1.0",
        "terser": "5.7.0",
        "terser-webpack-plugin": "5.1.3",
        "text-table": "0.2.0",
        "tree-kill": "1.2.2",
        "tslib": "2.3.0",
        "webpack": "5.44.0",
        "webpack-dev-middleware": "5.0.0",
        "webpack-dev-server": "3.11.2",
        "webpack-merge": "5.8.0",
        "webpack-subresource-integrity": "1.5.2"
      },
      "engines": {
        "node": "^12.14.1 || >=14.0.0",
        "npm": "^6.11.0 || ^7.5.6",
        "yarn": ">= 1.13.0"
      },
      "peerDependencies": {
        "@angular/compiler-cli": "^12.0.0 || ^12.1.0-next",
        "@angular/localize": "^12.0.0 || ^12.1.0-next",
        "@angular/service-worker": "^12.0.0 || ^12.1.0-next",
        "karma": "^6.3.0",
        "ng-packagr": "^12.0.0 || ^12.1.0-next",
        "protractor": "^7.0.0",
        "tailwindcss": "^2.0.0",
        "tslint": "^6.1.0",
        "typescript": "~4.2.3 || ~4.3.2"
      },
      "peerDependenciesMeta": {
        "@angular/localize": {
          "optional": true
        },
        "@angular/service-worker": {
          "optional": true
        },
        "karma": {
          "optional": true
        },
        "ng-packagr": {
          "optional": true
        },
        "protractor": {
          "optional": true
        },
        "tailwindcss": {
          "optional": true
        },
        "tslint": {
          "optional": true
        }
      }
    },
    "node_modules/@angular-devkit/build-optimizer": {
      "version": "0.1201.4",
      "resolved": "https://registry.npmjs.org/@angular-devkit/build-optimizer/-/build-optimizer-0.1201.4.tgz",
      "integrity": "sha512-Hq+mDUe4xIyq4939JZaUkptsM89WnZOk8Qel6mS0T/bxMX/qs+nuGD5o+xDKkuayogbiTrLmyZBib0/90eSXEA==",
      "dev": true,
      "dependencies": {
        "source-map": "0.7.3",
        "tslib": "2.3.0",
        "typescript": "4.3.4"
      },
      "bin": {
        "build-optimizer": "src/build-optimizer/cli.js"
      },
      "engines": {
        "node": "^12.14.1 || >=14.0.0",
        "npm": "^6.11.0 || ^7.5.6",
        "yarn": ">= 1.13.0"
      },
      "peerDependencies": {
        "webpack": "^5.30.0"
      },
      "peerDependenciesMeta": {
        "webpack": {
          "optional": true
        }
      }
    },
    "node_modules/@angular-devkit/build-optimizer/node_modules/typescript": {